// !$*UTF8*$!
{
	archiveVersion = 1;
	classes = {
	};
	objectVersion = 46;
	objects = {

/* Begin PBXBuildFile section */
		1E649B1F1D9EBAAE0099EAFE /* AppDelegate.swift in Sources */ = {isa = PBXBuildFile; fileRef = 1E649B1E1D9EBAAE0099EAFE /* AppDelegate.swift */; };
		1E649B211D9EBAAE0099EAFE /* MemeEditorViewController.swift in Sources */ = {isa = PBXBuildFile; fileRef = 1E649B201D9EBAAE0099EAFE /* MemeEditorViewController.swift */; };
		1E649B241D9EBAAE0099EAFE /* Main.storyboard in Resources */ = {isa = PBXBuildFile; fileRef = 1E649B221D9EBAAE0099EAFE /* Main.storyboard */; };
		1E649B261D9EBAAE0099EAFE /* Assets.xcassets in Resources */ = {isa = PBXBuildFile; fileRef = 1E649B251D9EBAAE0099EAFE /* Assets.xcassets */; };
		1E649B291D9EBAAE0099EAFE /* LaunchScreen.storyboard in Resources */ = {isa = PBXBuildFile; fileRef = 1E649B271D9EBAAE0099EAFE /* LaunchScreen.storyboard */; };
		1E8A7AF41DA040E20018E650 /* Meme.swift in Sources */ = {isa = PBXBuildFile; fileRef = 1E8A7AF31DA040E20018E650 /* Meme.swift */; };
		1E9983F91D9F2F000093FA70 /* TextFieldDelegate.swift in Sources */ = {isa = PBXBuildFile; fileRef = 1E9983F81D9F2EFF0093FA70 /* TextFieldDelegate.swift */; };
		1ED4B2061DA1DF2C00651E92 /* TableSavedMemesViewController.swift in Sources */ = {isa = PBXBuildFile; fileRef = 1ED4B2051DA1DF2B00651E92 /* TableSavedMemesViewController.swift */; };
		1ED4B2081DA1DF3B00651E92 /* CollectionSavedMemesViewController.swift in Sources */ = {isa = PBXBuildFile; fileRef = 1ED4B2071DA1DF3B00651E92 /* CollectionSavedMemesViewController.swift */; };
		1ED4B20A1DA1E77900651E92 /* MemeCollectionViewCell.swift in Sources */ = {isa = PBXBuildFile; fileRef = 1ED4B2091DA1E77900651E92 /* MemeCollectionViewCell.swift */; };
		1EE48E051DA1F811006F1A1A /* MemeDetailViewController.swift in Sources */ = {isa = PBXBuildFile; fileRef = 1EE48E041DA1F811006F1A1A /* MemeDetailViewController.swift */; };
		1EE48E091DA225FA006F1A1A /* MemeTableViewCell.swift in Sources */ = {isa = PBXBuildFile; fileRef = 1EE48E081DA225FA006F1A1A /* MemeTableViewCell.swift */; };
/* End PBXBuildFile section */

/* Begin PBXFileReference section */
		1E649B1B1D9EBAAE0099EAFE /* MemeMe.app */ = {isa = PBXFileReference; explicitFileType = wrapper.application; includeInIndex = 0; path = MemeMe.app; sourceTree = BUILT_PRODUCTS_DIR; };
		1E649B1E1D9EBAAE0099EAFE /* AppDelegate.swift */ = {isa = PBXFileReference; lastKnownFileType = sourcecode.swift; path = AppDelegate.swift; sourceTree = "<group>"; };
		1E649B201D9EBAAE0099EAFE /* MemeEditorViewController.swift */ = {isa = PBXFileReference; lastKnownFileType = sourcecode.swift; path = MemeEditorViewController.swift; sourceTree = "<group>"; };
		1E649B231D9EBAAE0099EAFE /* Base */ = {isa = PBXFileReference; lastKnownFileType = file.storyboard; name = Base; path = Base.lproj/Main.storyboard; sourceTree = "<group>"; };
		1E649B251D9EBAAE0099EAFE /* Assets.xcassets */ = {isa = PBXFileReference; lastKnownFileType = folder.assetcatalog; path = Assets.xcassets; sourceTree = "<group>"; };
		1E649B281D9EBAAE0099EAFE /* Base */ = {isa = PBXFileReference; lastKnownFileType = file.storyboard; name = Base; path = Base.lproj/LaunchScreen.storyboard; sourceTree = "<group>"; };
		1E649B2A1D9EBAAE0099EAFE /* Info.plist */ = {isa = PBXFileReference; lastKnownFileType = text.plist.xml; path = Info.plist; sourceTree = "<group>"; };
		1E8A7AF31DA040E20018E650 /* Meme.swift */ = {isa = PBXFileReference; fileEncoding = 4; lastKnownFileType = sourcecode.swift; path = Meme.swift; sourceTree = "<group>"; };
		1E9983F81D9F2EFF0093FA70 /* TextFieldDelegate.swift */ = {isa = PBXFileReference; fileEncoding = 4; lastKnownFileType = sourcecode.swift; path = TextFieldDelegate.swift; sourceTree = "<group>"; };
		1ED4B2051DA1DF2B00651E92 /* TableSavedMemesViewController.swift */ = {isa = PBXFileReference; fileEncoding = 4; lastKnownFileType = sourcecode.swift; path = TableSavedMemesViewController.swift; sourceTree = "<group>"; };
		1ED4B2071DA1DF3B00651E92 /* CollectionSavedMemesViewController.swift */ = {isa = PBXFileReference; fileEncoding = 4; lastKnownFileType = sourcecode.swift; path = CollectionSavedMemesViewController.swift; sourceTree = "<group>"; };
		1ED4B2091DA1E77900651E92 /* MemeCollectionViewCell.swift */ = {isa = PBXFileReference; fileEncoding = 4; lastKnownFileType = sourcecode.swift; path = MemeCollectionViewCell.swift; sourceTree = "<group>"; };
		1EE48E041DA1F811006F1A1A /* MemeDetailViewController.swift */ = {isa = PBXFileReference; fileEncoding = 4; lastKnownFileType = sourcecode.swift; path = MemeDetailViewController.swift; sourceTree = "<group>"; };
		1EE48E081DA225FA006F1A1A /* MemeTableViewCell.swift */ = {isa = PBXFileReference; fileEncoding = 4; lastKnownFileType = sourcecode.swift; path = MemeTableViewCell.swift; sourceTree = "<group>"; };
/* End PBXFileReference section */

/* Begin PBXFrameworksBuildPhase section */
		1E649B181D9EBAAE0099EAFE /* Frameworks */ = {
			isa = PBXFrameworksBuildPhase;
			buildActionMask = 2147483647;
			files = (
			);
			runOnlyForDeploymentPostprocessing = 0;
		};
/* End PBXFrameworksBuildPhase section */

/* Begin PBXGroup section */
		1E649B121D9EBAAE0099EAFE = {
			isa = PBXGroup;
			children = (
				1E649B1D1D9EBAAE0099EAFE /* MemeMe */,
				1E649B1C1D9EBAAE0099EAFE /* Products */,
			);
			sourceTree = "<group>";
		};
		1E649B1C1D9EBAAE0099EAFE /* Products */ = {
			isa = PBXGroup;
			children = (
				1E649B1B1D9EBAAE0099EAFE /* MemeMe.app */,
			);
			name = Products;
			sourceTree = "<group>";
		};
		1E649B1D1D9EBAAE0099EAFE /* MemeMe */ = {
			isa = PBXGroup;
			children = (
				1E649B1E1D9EBAAE0099EAFE /* AppDelegate.swift */,
				1ED4B2051DA1DF2B00651E92 /* TableSavedMemesViewController.swift */,
				1EE48E081DA225FA006F1A1A /* MemeTableViewCell.swift */,
				1ED4B2071DA1DF3B00651E92 /* CollectionSavedMemesViewController.swift */,
				1ED4B2091DA1E77900651E92 /* MemeCollectionViewCell.swift */,
				1EE48E041DA1F811006F1A1A /* MemeDetailViewController.swift */,
				1E649B201D9EBAAE0099EAFE /* MemeEditorViewController.swift */,
				1E9983F81D9F2EFF0093FA70 /* TextFieldDelegate.swift */,
				1E8A7AF31DA040E20018E650 /* Meme.swift */,
				1E649B221D9EBAAE0099EAFE /* Main.storyboard */,
				1E649B251D9EBAAE0099EAFE /* Assets.xcassets */,
				1E649B271D9EBAAE0099EAFE /* LaunchScreen.storyboard */,
				1E649B2A1D9EBAAE0099EAFE /* Info.plist */,
			);
			path = MemeMe;
			sourceTree = "<group>";
		};
/* End PBXGroup section */

/* Begin PBXNativeTarget section */
		1E649B1A1D9EBAAE0099EAFE /* MemeMe */ = {
			isa = PBXNativeTarget;
			buildConfigurationList = 1E649B2D1D9EBAAE0099EAFE /* Build configuration list for PBXNativeTarget "MemeMe" */;
			buildPhases = (
				1E649B171D9EBAAE0099EAFE /* Sources */,
				1E649B181D9EBAAE0099EAFE /* Frameworks */,
				1E649B191D9EBAAE0099EAFE /* Resources */,
			);
			buildRules = (
			);
			dependencies = (
			);
			name = MemeMe;
			productName = MemeMe;
			productReference = 1E649B1B1D9EBAAE0099EAFE /* MemeMe.app */;
			productType = "com.apple.product-type.application";
		};
/* End PBXNativeTarget section */

/* Begin PBXProject section */
		1E649B131D9EBAAE0099EAFE /* Project object */ = {
			isa = PBXProject;
			attributes = {
				LastSwiftUpdateCheck = 0800;
				LastUpgradeCheck = 0800;
				ORGANIZATIONNAME = "Mahmoud Tawfik";
				TargetAttributes = {
					1E649B1A1D9EBAAE0099EAFE = {
						CreatedOnToolsVersion = 8.0;
						DevelopmentTeam = TE7W8S33P3;
						ProvisioningStyle = Automatic;
					};
				};
			};
			buildConfigurationList = 1E649B161D9EBAAE0099EAFE /* Build configuration list for PBXProject "MemeMe" */;
			compatibilityVersion = "Xcode 3.2";
			developmentRegion = English;
			hasScannedForEncodings = 0;
			knownRegions = (
				en,
				Base,
			);
			mainGroup = 1E649B121D9EBAAE0099EAFE;
			productRefGroup = 1E649B1C1D9EBAAE0099EAFE /* Products */;
			projectDirPath = "";
			projectRoot = "";
			targets = (
				1E649B1A1D9EBAAE0099EAFE /* MemeMe */,
			);
		};
/* End PBXProject section */

/* Begin PBXResourcesBuildPhase section */
		1E649B191D9EBAAE0099EAFE /* Resources */ = {
			isa = PBXResourcesBuildPhase;
			buildActionMask = 2147483647;
			files = (
				1E649B291D9EBAAE0099EAFE /* LaunchScreen.storyboard in Resources */,
				1E649B261D9EBAAE0099EAFE /* Assets.xcassets in Resources */,
				1E649B241D9EBAAE0099EAFE /* Main.storyboard in Resources */,
			);
			runOnlyForDeploymentPostprocessing = 0;
		};
/* End PBXResourcesBuildPhase section */

/* Begin PBXSourcesBuildPhase section */
		1E649B171D9EBAAE0099EAFE /* Sources */ = {
			isa = PBXSourcesBuildPhase;
			buildActionMask = 2147483647;
			files = (
				1E649B211D9EBAAE0099EAFE /* MemeEditorViewController.swift in Sources */,
				1E649B1F1D9EBAAE0099EAFE /* AppDelegate.swift in Sources */,
				1E9983F91D9F2F000093FA70 /* TextFieldDelegate.swift in Sources */,
				1ED4B2061DA1DF2C00651E92 /* TableSavedMemesViewController.swift in Sources */,
				1ED4B20A1DA1E77900651E92 /* MemeCollectionViewCell.swift in Sources */,
				1ED4B2081DA1DF3B00651E92 /* CollectionSavedMemesViewController.swift in Sources */,
				1EE48E091DA225FA006F1A1A /* MemeTableViewCell.swift in Sources */,
				1E8A7AF41DA040E20018E650 /* Meme.swift in Sources */,
				1EE48E051DA1F811006F1A1A /* MemeDetailViewController.swift in Sources */,
			);
			runOnlyForDeploymentPostprocessing = 0;
		};
/* End PBXSourcesBuildPhase section */

/* Begin PBXVariantGroup section */
		1E649B221D9EBAAE0099EAFE /* Main.storyboard */ = {
			isa = PBXVariantGroup;
			children = (
				1E649B231D9EBAAE0099EAFE /* Base */,
			);
			name = Main.storyboard;
			sourceTree = "<group>";
		};
		1E649B271D9EBAAE0099EAFE /* LaunchScreen.storyboard */ = {
			isa = PBXVariantGroup;
			children = (
				1E649B281D9EBAAE0099EAFE /* Base */,
			);
			name = LaunchScreen.storyboard;
			sourceTree = "<group>";
		};
/* End PBXVariantGroup section */

/* Begin XCBuildConfiguration section */
		1E649B2B1D9EBAAE0099EAFE /* Debug */ = {
			isa = XCBuildConfiguration;
			buildSettings = {
				ALWAYS_SEARCH_USER_PATHS = NO;
				CLANG_ANALYZER_NONNULL = YES;
				CLANG_CXX_LANGUAGE_STANDARD = "gnu++0x";
				CLANG_CXX_LIBRARY = "libc++";
				CLANG_ENABLE_MODULES = YES;
				CLANG_ENABLE_OBJC_ARC = YES;
				CLANG_WARN_BOOL_CONVERSION = YES;
				CLANG_WARN_CONSTANT_CONVERSION = YES;
				CLANG_WARN_DIRECT_OBJC_ISA_USAGE = YES_ERROR;
				CLANG_WARN_DOCUMENTATION_COMMENTS = YES;
				CLANG_WARN_EMPTY_BODY = YES;
				CLANG_WARN_ENUM_CONVERSION = YES;
				CLANG_WARN_INFINITE_RECURSION = YES;
				CLANG_WARN_INT_CONVERSION = YES;
				CLANG_WARN_OBJC_ROOT_CLASS = YES_ERROR;
				CLANG_WARN_SUSPICIOUS_MOVES = YES;
				CLANG_WARN_UNREACHABLE_CODE = YES;
				CLANG_WARN__DUPLICATE_METHOD_MATCH = YES;
				"CODE_SIGN_IDENTITY[sdk=iphoneos*]" = "iPhone Developer";
				COPY_PHASE_STRIP = NO;
				DEBUG_INFORMATION_FORMAT = dwarf;
				ENABLE_STRICT_OBJC_MSGSEND = YES;
				ENABLE_TESTABILITY = YES;
				GCC_C_LANGUAGE_STANDARD = gnu99;
				GCC_DYNAMIC_NO_PIC = NO;
				GCC_NO_COMMON_BLOCKS = YES;
				GCC_OPTIMIZATION_LEVEL = 0;
				GCC_PREPROCESSOR_DEFINITIONS = (
					"DEBUG=1",
					"$(inherited)",
				);
				GCC_WARN_64_TO_32_BIT_CONVERSION = YES;
				GCC_WARN_ABOUT_RETURN_TYPE = YES_ERROR;
				GCC_WARN_UNDECLARED_SELECTOR = YES;
				GCC_WARN_UNINITIALIZED_AUTOS = YES_AGGRESSIVE;
				GCC_WARN_UNUSED_FUNCTION = YES;
				GCC_WARN_UNUSED_VARIABLE = YES;
				IPHONEOS_DEPLOYMENT_TARGET = 10.0;
				MTL_ENABLE_DEBUG_INFO = YES;
				ONLY_ACTIVE_ARCH = YES;
				SDKROOT = iphoneos;
				SWIFT_ACTIVE_COMPILATION_CONDITIONS = DEBUG;
				SWIFT_OPTIMIZATION_LEVEL = "-Onone";
				TARGETED_DEVICE_FAMILY = "1,2";
			};
			name = Debug;
		};
		1E649B2C1D9EBAAE0099EAFE /* Release */ = {
			isa = XCBuildConfiguration;
			buildSettings = {
				ALWAYS_SEARCH_USER_PATHS = NO;
				CLANG_ANALYZER_NONNULL = YES;
				CLANG_CXX_LANGUAGE_STANDARD = "gnu++0x";
				CLANG_CXX_LIBRARY = "libc++";
				CLANG_ENABLE_MODULES = YES;
				CLANG_ENABLE_OBJC_ARC = YES;
				CLANG_WARN_BOOL_CONVERSION = YES;
				CLANG_WARN_CONSTANT_CONVERSION = YES;
				CLANG_WARN_DIRECT_OBJC_ISA_USAGE = YES_ERROR;
				CLANG_WARN_DOCUMENTATION_COMMENTS = YES;
				CLANG_WARN_EMPTY_BODY = YES;
				CLANG_WARN_ENUM_CONVERSION = YES;
				CLANG_WARN_INFINITE_RECURSION = YES;
				CLANG_WARN_INT_CONVERSION = YES;
				CLANG_WARN_OBJC_ROOT_CLASS = YES_ERROR;
				CLANG_WARN_SUSPICIOUS_MOVES = YES;
				CLANG_WARN_UNREACHABLE_CODE = YES;
				CLANG_WARN__DUPLICATE_METHOD_MATCH = YES;
				"CODE_SIGN_IDENTITY[sdk=iphoneos*]" = "iPhone Developer";
				COPY_PHASE_STRIP = NO;
				DEBUG_INFORMATION_FORMAT = "dwarf-with-dsym";
				ENABLE_NS_ASSERTIONS = NO;
				ENABLE_STRICT_OBJC_MSGSEND = YES;
				GCC_C_LANGUAGE_STANDARD = gnu99;
				GCC_NO_COMMON_BLOCKS = YES;
				GCC_WARN_64_TO_32_BIT_CONVERSION = YES;
				GCC_WARN_ABOUT_RETURN_TYPE = YES_ERROR;
				GCC_WARN_UNDECLARED_SELECTOR = YES;
				GCC_WARN_UNINITIALIZED_AUTOS = YES_AGGRESSIVE;
				GCC_WARN_UNUSED_FUNCTION = YES;
				GCC_WARN_UNUSED_VARIABLE = YES;
				IPHONEOS_DEPLOYMENT_TARGET = 10.0;
				MTL_ENABLE_DEBUG_INFO = NO;
				SDKROOT = iphoneos;
				SWIFT_OPTIMIZATION_LEVEL = "-Owholemodule";
				TARGETED_DEVICE_FAMILY = "1,2";
				VALIDATE_PRODUCT = YES;
			};
			name = Release;
		};
		1E649B2E1D9EBAAE0099EAFE /* Debug */ = {
			isa = XCBuildConfiguration;
			buildSettings = {
				ASSETCATALOG_COMPILER_APPICON_NAME = AppIcon;
				DEVELOPMENT_TEAM = TE7W8S33P3;
				INFOPLIST_FILE = MemeMe/Info.plist;
				IPHONEOS_DEPLOYMENT_TARGET = 8.0;
				LD_RUNPATH_SEARCH_PATHS = "$(inherited) @executable_path/Frameworks";
				PRODUCT_BUNDLE_IDENTIFIER = com.MahmoudTawfik.MemeMe;
				PRODUCT_NAME = "$(TARGET_NAME)";
				SWIFT_VERSION = 3.0;
			};
			name = Debug;
		};
		1E649B2F1D9EBAAE0099EAFE /* Release */ = {
			isa = XCBuildConfiguration;
			buildSettings = {
				ASSETCATALOG_COMPILER_APPICON_NAME = AppIcon;
				DEVELOPMENT_TEAM = TE7W8S33P3;
				INFOPLIST_FILE = MemeMe/Info.plist;
				IPHONEOS_DEPLOYMENT_TARGET = 8.0;
				LD_RUNPATH_SEARCH_PATHS = "$(inherited) @executable_path/Frameworks";
				PRODUCT_BUNDLE_IDENTIFIER = com.MahmoudTawfik.MemeMe;
				PRODUCT_NAME = "$(TARGET_NAME)";
				SWIFT_VERSION = 3.0;
			};
			name = Release;
		};
/* End XCBuildConfiguration section */

/* Begin XCConfigurationList section */
		1E649B161D9EBAAE0099EAFE /* Build configuration list for PBXProject "MemeMe" */ = {
			isa = XCConfigurationList;
			buildConfigurations = (
				1E649B2B1D9EBAAE0099EAFE /* Debug */,
				1E649B2C1D9EBAAE0099EAFE /* Release */,
			);
			defaultConfigurationIsVisible = 0;
			defaultConfigurationName = Release;
		};
		1E649B2D1D9EBAAE0099EAFE /* Build configuration list for PBXNativeTarget "MemeMe" */ = {
			isa = XCConfigurationList;
			buildConfigurations = (
				1E649B2E1D9EBAAE0099EAFE /* Debug */,
				1E649B2F1D9EBAAE0099EAFE /* Release */,
			);
			defaultConfigurationIsVisible = 0;
			defaultConfigurationName = Release;
		};
/* End XCConfigurationList section */
	};
	rootObject = 1E649B131D9EBAAE0099EAFE /* Project object */;
}
